{
  "version": 4,
  "terraform_version": "1.16.1",
  "serial": 10,
  "lineage": "a5b05f87-9c08-8f02-cc3e-065b4fc6aa15",
  "outputs": {},
  "resources": [
    {
      "mode": "managed",
      "type": "local_file",
      "name": "api_config",
      "provider": "provider[\"registry.terraform.io/hashicorp/local\"]",
      "instances": [
        {
          "schema_version": 0,
          "attributes": {
            "content": "{\"nom\":\"outgoing-hog\",\"replicas\":3,\"service\":\"api\"}",
            "content_base64": null,
            "content_base64sha256": "x8S4ERTumJv24DDhyvvRsTsq9Kk1kR9gSKIkBBSZRWA=",
            "content_base64sha512": "/V+/P+337cKVemj7bGzGVSkZ2+Nkqw5S3I0IqXStGPzPS0AMqNv5lNj9neSSFKlgbwyerWdmJ/uTJsxNsX6qVQ==",
            "content_md5": "d57800f1156069311e90d6bb9df8b770",
            "content_sha1": "701749c42b49859e6633b090a1615f4a1ccfdb36",
            "content_sha256": "c7c4b81114ee989bf6e030e1cafbd1b13b2af4a935911f6048a2240414994560",
            "content_sha512": "fd5fbf3fedf7edc2957a68fb6c6cc6552919dbe364ab0e52dc8d08a974ad18fccf4b400ca8dbf994d8fd9de49214a9606f0c9ead676627fb9326cc4db17eaa55",
            "directory_permission": "0777",
            "file_permission": "0777",
            "filename": "./out/api.json",
            "id": "701749c42b49859e6633b090a1615f4a1ccfdb36",
            "sensitive_content": null,
            "source": null
          },
          "sensitive_attributes": [
            [
              {
                "type": "get_attr",
                "value": "sensitive_content"
              }
            ]
          ],
          "identity_schema_version": 0,
          "dependencies": [
            "random_pet.api_nom"
          ]
        }
      ]
    },
    {
      "mode": "managed",
      "type": "local_file",
      "name": "api_journal",
      "provider": "provider[\"registry.terraform.io/hashicorp/local\"]",
      "instances": [
        {
          "schema_version": 0,
          "attributes": {
            "content": "service=api replicas=3\n",
            "content_base64": null,
            "content_base64sha256": "OiavnPk/mt01W6k0J3IIfL8PwAGuYmPNwqIXBGa3fRk=",
            "content_base64sha512": "dDifGnK57T0jh4MLdzTd0A/tok561fiS74DmMD8jEN8X7SiFxPc4ll1ItnhrnvisXKnFlzMJSXY9jAabUjO3jg==",
            "content_md5": "ec4c034d999c1ade1258a1846d6e193d",
            "content_sha1": "4de83019622202c5ba02f138dfca7f6c41653a7e",
            "content_sha256": "3a26af9cf93f9add355ba9342772087cbf0fc001ae6263cdc2a2170466b77d19",
            "content_sha512": "74389f1a72b9ed3d2387830b7734ddd00feda24e7ad5f892ef80e6303f2310df17ed2885c4f738965d48b6786b9ef8ac5ca9c597330949763d8c069b5233b78e",
            "directory_permission": "0777",
            "file_permission": "0777",
            "filename": "./out/api.log",
            "id": "4de83019622202c5ba02f138dfca7f6c41653a7e",
            "sensitive_content": null,
            "source": null
          },
          "sensitive_attributes": [
            [
              {
                "type": "get_attr",
                "value": "sensitive_content"
              }
            ]
          ],
          "identity_schema_version": 0
        }
      ]
    },
    {
      "mode": "managed",
      "type": "local_file",
      "name": "batch_config",
      "provider": "provider[\"registry.terraform.io/hashicorp/local\"]",
      "instances": [
        {
          "schema_version": 0,
          "attributes": {
            "content": "{\"nom\":\"stirring-alpaca\",\"replicas\":1,\"service\":\"batch\"}",
            "content_base64": null,
            "content_base64sha256": "0CCTG4x4eOEEEAYn+CSJo470uY3gbreSLN60ko5ksUI=",
            "content_base64sha512": "fET5nZCtP0K7FnMEaDSojIxdOgAi68ce5bmoXx29Id4CurPHAX5UdSnQqgI3VdzrndIDV2JKylbBGTmZQdXhWA==",
            "content_md5": "4986cb9eba4c25f10d94a9b9db072170",
            "content_sha1": "09e57d6c9d672bd727156ce05a4be003fa169aa1",
            "content_sha256": "d020931b8c7878e104100627f82489a38ef4b98de06eb7922cdeb4928e64b142",
            "content_sha512": "7c44f99d90ad3f42bb1673046834a88c8c5d3a0022ebc71ee5b9a85f1dbd21de02bab3c7017e547529d0aa023755dceb9dd20357624aca56c119399941d5e158",
            "directory_permission": "0777",
            "file_permission": "0777",
            "filename": "./out/batch.json",
            "id": "09e57d6c9d672bd727156ce05a4be003fa169aa1",
            "sensitive_content": null,
            "source": null
          },
          "sensitive_attributes": [
            [
              {
                "type": "get_attr",
                "value": "sensitive_content"
              }
            ]
          ],
          "identity_schema_version": 0,
          "dependencies": [
            "random_pet.batch_nom"
          ]
        }
      ]
    },
    {
      "mode": "managed",
      "type": "local_file",
      "name": "batch_journal",
      "provider": "provider[\"registry.terraform.io/hashicorp/local\"]",
      "instances": [
        {
          "schema_version": 0,
          "attributes": {
            "content": "service=batch replicas=1\n",
            "content_base64": null,
            "content_base64sha256": "nbCeT71JCocU1XxJts02AwfDnzjrkr5yRnBM3rPXeps=",
            "content_base64sha512": "n3Prvd6NG/DZeFT4HhBruNLOeL/Q+ZgHF6OLbmD3guSs5rsZUMdnlyC87WqetF/GBKRDheLTpSGqZfAD4DizzQ==",
            "content_md5": "be9b83cc156d53a5de06b2579ceb2ebf",
            "content_sha1": "2c4f9931e937b6bcee76c9deeb4134cbfba43261",
            "content_sha256": "9db09e4fbd490a8714d57c49b6cd360307c39f38eb92be7246704cdeb3d77a9b",
            "content_sha512": "9f73ebbdde8d1bf0d97854f81e106bb8d2ce78bfd0f9980717a38b6e60f782e4ace6bb1950c7679720bced6a9eb45fc604a44385e2d3a521aa65f003e038b3cd",
            "directory_permission": "0777",
            "file_permission": "0777",
            "filename": "./out/batch.log",
            "id": "2c4f9931e937b6bcee76c9deeb4134cbfba43261",
            "sensitive_content": null,
            "source": null
          },
          "sensitive_attributes": [
            [
              {
                "type": "get_attr",
                "value": "sensitive_content"
              }
            ]
          ],
          "identity_schema_version": 0
        }
      ]
    },
    {
      "mode": "managed",
      "type": "local_file",
      "name": "web_config",
      "provider": "provider[\"registry.terraform.io/hashicorp/local\"]",
      "instances": [
        {
          "schema_version": 0,
          "attributes": {
            "content": "{\"nom\":\"logical-lionfish\",\"replicas\":2,\"service\":\"web\"}",
            "content_base64": null,
            "content_base64sha256": "+jFh4IML1ngUY1PYf+OU+1UR+tbv9idt2N/metcClbE=",
            "content_base64sha512": "6UmXSGg8NPFanSL87/2s+jaqB7BYgpK8BtUOm1pllBwekM5eqKAADK1yTt0jbXnNas3t/98yp0v2lSV4zFxeCQ==",
            "content_md5": "a4961ddb502a0235f40f35bc45a4c1bb",
            "content_sha1": "ce99f82abe755eee210a3c7b0bc54d24e8f9dfe5",
            "content_sha256": "fa3161e0830bd678146353d87fe394fb5511fad6eff6276dd8dfe67ad70295b1",
            "content_sha512": "e9499748683c34f15a9d22fceffdacfa36aa07b0588292bc06d50e9b5a65941c1e90ce5ea8a0000cad724edd236d79cd6acdedffdf32a74bf6952578cc5c5e09",
            "directory_permission": "0777",
            "file_permission": "0777",
            "filename": "./out/web.json",
            "id": "ce99f82abe755eee210a3c7b0bc54d24e8f9dfe5",
            "sensitive_content": null,
            "source": null
          },
          "sensitive_attributes": [
            [
              {
                "type": "get_attr",
                "value": "sensitive_content"
              }
            ]
          ],
          "identity_schema_version": 0,
          "dependencies": [
            "random_pet.web_nom"
          ]
        }
      ]
    },
    {
      "mode": "managed",
      "type": "local_file",
      "name": "web_journal",
      "provider": "provider[\"registry.terraform.io/hashicorp/local\"]",
      "instances": [
        {
          "schema_version": 0,
          "attributes": {
            "content": "service=web replicas=2\n",
            "content_base64": null,
            "content_base64sha256": "UlxKK0su3oh7xjr7qo+9UnBIsHXP4FKXzSOiz6oYiwc=",
            "content_base64sha512": "tIl7TNMft+KTICsmYQjWx3Si/9BeQv3AforziS8fFPc+BWFTAzAT4KxMVK3h33Kt1AiTOaZ1DH14DSmCGk+0Gg==",
            "content_md5": "23817bfff69ddf81b465093c1c373a57",
            "content_sha1": "e18fe848ed06bf0e069da72037194f516ae43f0e",
            "content_sha256": "525c4a2b4b2ede887bc63afbaa8fbd527048b075cfe05297cd23a2cfaa188b07",
            "content_sha512": "b4897b4cd31fb7e293202b266108d6c774a2ffd05e42fdc07e8af3892f1f14f73e056153033013e0ac4c54ade1df72add4089339a6750c7d780d29821a4fb41a",
            "directory_permission": "0777",
            "file_permission": "0777",
            "filename": "./out/web.log",
            "id": "e18fe848ed06bf0e069da72037194f516ae43f0e",
            "sensitive_content": null,
            "source": null
          },
          "sensitive_attributes": [
            [
              {
                "type": "get_attr",
                "value": "sensitive_content"
              }
            ]
          ],
          "identity_schema_version": 0
        }
      ]
    },
    {
      "mode": "managed",
      "type": "random_pet",
      "name": "api_nom",
      "provider": "provider[\"registry.terraform.io/hashicorp/random\"]",
      "instances": [
        {
          "schema_version": 0,
          "attributes": {
            "id": "outgoing-hog",
            "keepers": null,
            "length": 2,
            "prefix": null,
            "separator": "-"
          },
          "sensitive_attributes": [],
          "identity_schema_version": 0
        }
      ]
    },
    {
      "mode": "managed",
      "type": "random_pet",
      "name": "batch_nom",
      "provider": "provider[\"registry.terraform.io/hashicorp/random\"]",
      "instances": [
        {
          "schema_version": 0,
          "attributes": {
            "id": "stirring-alpaca",
            "keepers": null,
            "length": 2,
            "prefix": null,
            "separator": "-"
          },
          "sensitive_attributes": [],
          "identity_schema_version": 0
        }
      ]
    },
    {
      "mode": "managed",
      "type": "random_pet",
      "name": "web_nom",
      "provider": "provider[\"registry.terraform.io/hashicorp/random\"]",
      "instances": [
        {
          "schema_version": 0,
          "attributes": {
            "id": "logical-lionfish",
            "keepers": null,
            "length": 2,
            "prefix": null,
            "separator": "-"
          },
          "sensitive_attributes": [],
          "identity_schema_version": 0
        }
      ]
    }
  ],
  "check_results": null
}
