{
  "version": 4,
  "terraform_version": "1.16.1",
  "serial": 4,
  "lineage": "2d688538-c9cb-69ae-734d-23d9b8780545",
  "outputs": {},
  "resources": [
    {
      "mode": "managed",
      "type": "local_file",
      "name": "inventaire",
      "provider": "provider[\"registry.terraform.io/hashicorp/local\"]",
      "instances": [
        {
          "schema_version": 0,
          "attributes": {
            "content": "identifiant : smiling-newt\n",
            "content_base64": null,
            "content_base64sha256": "hnGHf51ivXqqnNr03ZDieJ7F2b/L51NZ1e4i7duJsek=",
            "content_base64sha512": "V8F3NkQlU18Niq2yn8G3A5mlC4EE4/Mh+TSXaxteCKqV+dvXxas2ahhpZpBgRnruvWzQKIUQtxbry7cvtn+7xg==",
            "content_md5": "2d5bace8c675fa56e041b0a92c0d06b3",
            "content_sha1": "a982f4432f9af75aa7d625c6307c8d93673650e6",
            "content_sha256": "8671877f9d62bd7aaa9cdaf4dd90e2789ec5d9bfcbe75359d5ee22eddb89b1e9",
            "content_sha512": "57c177364425535f0d8aadb29fc1b70399a50b8104e3f321f934976b1b5e08aa95f9dbd7c5ab366a1869669060467aeebd6cd0288510b716ebcbb72fb67fbbc6",
            "directory_permission": "0777",
            "file_permission": "0777",
            "filename": "./inventaire.txt",
            "id": "a982f4432f9af75aa7d625c6307c8d93673650e6",
            "sensitive_content": null,
            "source": null
          },
          "sensitive_attributes": [
            [
              {
                "type": "get_attr",
                "value": "sensitive_content"
              }
            ]
          ],
          "identity_schema_version": 0,
          "dependencies": [
            "random_pet.identifiant"
          ]
        }
      ]
    },
    {
      "mode": "managed",
      "type": "null_resource",
      "name": "rapport",
      "provider": "provider[\"registry.terraform.io/hashicorp/null\"]",
      "instances": [
        {
          "status": "tainted",
          "schema_version": 0,
          "attributes": {
            "id": "2983132532634628483",
            "triggers": {
              "identifiant": "smiling-newt",
              "inventaire": "./inventaire.txt"
            }
          },
          "sensitive_attributes": [],
          "identity_schema_version": 0,
          "dependencies": [
            "local_file.inventaire",
            "random_pet.identifiant"
          ]
        }
      ]
    },
    {
      "mode": "managed",
      "type": "random_pet",
      "name": "identifiant",
      "provider": "provider[\"registry.terraform.io/hashicorp/random\"]",
      "instances": [
        {
          "schema_version": 0,
          "attributes": {
            "id": "smiling-newt",
            "keepers": null,
            "length": 2,
            "prefix": null,
            "separator": "-"
          },
          "sensitive_attributes": [],
          "identity_schema_version": 0
        }
      ]
    }
  ],
  "check_results": null
}
