{
  "version": 4,
  "terraform_version": "1.15.4",
  "serial": 6,
  "lineage": "db16ee0f-a732-c79e-ccf6-8817feefd25e",
  "outputs": {
    "identites": {
      "value": [
        "sunny-seahorse",
        "precise-boxer",
        "master-marlin"
      ],
      "type": [
        "tuple",
        [
          "string",
          "string",
          "string"
        ]
      ]
    }
  },
  "resources": [
    {
      "mode": "managed",
      "type": "local_file",
      "name": "fiche",
      "provider": "provider[\"registry.terraform.io/hashicorp/local\"]",
      "instances": [
        {
          "index_key": 0,
          "schema_version": 0,
          "attributes": {
            "content": "service=web\nidentite=sunny-seahorse\n",
            "content_base64": null,
            "content_base64sha256": "6CepjZ95KzSeCMSQIZtla989XFQGpqt2bNvFC/bYPNE=",
            "content_base64sha512": "IoUmvHZxNR8r/17TkN2Ff/ORoEs0iRCUOHJq7viafDmcauem0EXYgwqQ7IJXaZro6o4ofxvCUpBqhpAwRWPlIw==",
            "content_md5": "202057bcc78550dfa96132ca66718264",
            "content_sha1": "768f8b935d5d0cf7c90d0398a258f32c1290a582",
            "content_sha256": "e827a98d9f792b349e08c490219b656bdf3d5c5406a6ab766cdbc50bf6d83cd1",
            "content_sha512": "228526bc7671351f2bff5ed390dd857ff391a04b3489109438726aeef89a7c399c6ae7a6d045d8830a90ec8257699ae8ea8e287f1bc252906a8690304563e523",
            "directory_permission": "0777",
            "file_permission": "0777",
            "filename": "./out/web.txt",
            "id": "768f8b935d5d0cf7c90d0398a258f32c1290a582",
            "sensitive_content": null,
            "source": null
          },
          "sensitive_attributes": [
            [
              {
                "type": "get_attr",
                "value": "sensitive_content"
              }
            ]
          ],
          "identity_schema_version": 0,
          "dependencies": [
            "random_pet.service"
          ]
        },
        {
          "index_key": 1,
          "schema_version": 0,
          "attributes": {
            "content": "service=cache\nidentite=precise-boxer\n",
            "content_base64": null,
            "content_base64sha256": "I2b1VRTYZ15/lPB5dgwlTmeVy6aAEVpEk2ti89zJmR4=",
            "content_base64sha512": "Je7iLwhVfoPI3ju8AJ/zun0ACJ+DEVu6R72pEqGhu3aOpmTJ9/FfyfwME+HVOMeW5rKLS78dqZq9eIfBXV4oNA==",
            "content_md5": "0bfa053676dbf590a614e9813e1d5ba8",
            "content_sha1": "43fcb27734c0c4760b4fdd72985ffc8c4cef1c13",
            "content_sha256": "2366f55514d8675e7f94f079760c254e6795cba680115a44936b62f3dcc9991e",
            "content_sha512": "25eee22f08557e83c8de3bbc009ff3ba7d00089f83115bba47bda912a1a1bb768ea664c9f7f15fc9fc0c13e1d538c796e6b28b4bbf1da99abd7887c15d5e2834",
            "directory_permission": "0777",
            "file_permission": "0777",
            "filename": "./out/cache.txt",
            "id": "43fcb27734c0c4760b4fdd72985ffc8c4cef1c13",
            "sensitive_content": null,
            "source": null
          },
          "sensitive_attributes": [
            [
              {
                "type": "get_attr",
                "value": "sensitive_content"
              }
            ]
          ],
          "identity_schema_version": 0,
          "dependencies": [
            "random_pet.service"
          ]
        },
        {
          "index_key": 2,
          "schema_version": 0,
          "attributes": {
            "content": "service=db\nidentite=master-marlin\n",
            "content_base64": null,
            "content_base64sha256": "ZCpJS8UZse/m+tUWF52BISAQgDOMUSsdp8mb/x3hk6w=",
            "content_base64sha512": "WqpXhVamZdo5QAobgWon6cf/kju38lSQ3k2+6C34mWyEXd+E0GjHSmmRHGkpZjYBOzwmZox7JE9fHiCLB+81Ug==",
            "content_md5": "9a86a4dcbf154d86d1dff5567c4f56b7",
            "content_sha1": "016fe02269bc068f1d22f6ec205d5fad201832ef",
            "content_sha256": "642a494bc519b1efe6fad516179d8121201080338c512b1da7c99bff1de193ac",
            "content_sha512": "5aaa578556a665da39400a1b816a27e9c7ff923bb7f25490de4dbee82df8996c845ddf84d068c74a69911c69296636013b3c26668c7b244f5f1e208b07ef3552",
            "directory_permission": "0777",
            "file_permission": "0777",
            "filename": "./out/db.txt",
            "id": "016fe02269bc068f1d22f6ec205d5fad201832ef",
            "sensitive_content": null,
            "source": null
          },
          "sensitive_attributes": [
            [
              {
                "type": "get_attr",
                "value": "sensitive_content"
              }
            ]
          ],
          "identity_schema_version": 0,
          "dependencies": [
            "random_pet.service"
          ]
        }
      ]
    },
    {
      "mode": "managed",
      "type": "random_pet",
      "name": "service",
      "provider": "provider[\"registry.terraform.io/hashicorp/random\"]",
      "instances": [
        {
          "index_key": 0,
          "schema_version": 0,
          "attributes": {
            "id": "sunny-seahorse",
            "keepers": null,
            "length": 2,
            "prefix": null,
            "separator": "-"
          },
          "sensitive_attributes": [],
          "identity_schema_version": 0
        },
        {
          "index_key": 1,
          "schema_version": 0,
          "attributes": {
            "id": "precise-boxer",
            "keepers": null,
            "length": 2,
            "prefix": null,
            "separator": "-"
          },
          "sensitive_attributes": [],
          "identity_schema_version": 0
        },
        {
          "index_key": 2,
          "schema_version": 0,
          "attributes": {
            "id": "master-marlin",
            "keepers": null,
            "length": 2,
            "prefix": null,
            "separator": "-"
          },
          "sensitive_attributes": [],
          "identity_schema_version": 0
        }
      ]
    }
  ],
  "check_results": null
}
