{
  "version": 4,
  "terraform_version": "1.15.4",
  "serial": 5,
  "lineage": "a0aa3400-fc40-1636-5619-b90ba3307dab",
  "outputs": {
    "chemins": {
      "value": {
        "nord": "./plaques/nord.txt",
        "sud": "./plaques/sud.txt"
      },
      "type": [
        "object",
        {
          "nord": "string",
          "sud": "string"
        }
      ]
    },
    "jetons": {
      "value": {
        "nord": "becoming-gull",
        "sud": "stirring-porpoise"
      },
      "type": [
        "object",
        {
          "nord": "string",
          "sud": "string"
        }
      ]
    }
  },
  "resources": [
    {
      "mode": "managed",
      "type": "local_file",
      "name": "plaque_nord",
      "provider": "provider[\"registry.terraform.io/hashicorp/local\"]",
      "instances": [
        {
          "schema_version": 0,
          "attributes": {
            "content": "plaque nord becoming-gull\n",
            "content_base64": null,
            "content_base64sha256": "RQdZ/ikFVFd39BmSCz/rShkd3/f6aP6KXvXemuVJ7tk=",
            "content_base64sha512": "04nm2+YvZNuZ6TnS/8xNwnrd6F4JnxS7rD2NlydtWngZbKOotbQMGzzW3hGMFb1k+GSRwj7vibzNXedapKJEuw==",
            "content_md5": "ef935af8c54e400bbbfcd58d0d3024bb",
            "content_sha1": "144c107b74d7a1e26249b1861806674544e5ddc9",
            "content_sha256": "450759fe2905545777f419920b3feb4a191ddff7fa68fe8a5ef5de9ae549eed9",
            "content_sha512": "d389e6dbe62f64db99e939d2ffcc4dc27adde85e099f14bbac3d8d97276d5a78196ca3a8b5b40c1b3cd6de118c15bd64f86491c23eef89bccd5de75aa4a244bb",
            "directory_permission": "0777",
            "file_permission": "0777",
            "filename": "./plaques/nord.txt",
            "id": "144c107b74d7a1e26249b1861806674544e5ddc9",
            "sensitive_content": null,
            "source": null
          },
          "sensitive_attributes": [
            [
              {
                "type": "get_attr",
                "value": "sensitive_content"
              }
            ]
          ],
          "identity_schema_version": 0,
          "dependencies": [
            "random_pet.jeton_nord"
          ]
        }
      ]
    },
    {
      "mode": "managed",
      "type": "local_file",
      "name": "plaque_sud",
      "provider": "provider[\"registry.terraform.io/hashicorp/local\"]",
      "instances": [
        {
          "schema_version": 0,
          "attributes": {
            "content": "plaque sud stirring-porpoise\n",
            "content_base64": null,
            "content_base64sha256": "0NH4Kpxf10tOz1dkXuhKlsvyQ9u8ZDZ46dtxrZ+/Mnk=",
            "content_base64sha512": "TZzo5zvaBBErNJASth4v3myepm+vkA/n5RmVKLsJU3YQKP4COURcQ9JNBwYaU4f0xHyXAcXYT5HnayZhfQ15JA==",
            "content_md5": "ff09f4cbdd02adc2cd0d811a949b20cc",
            "content_sha1": "592d62fbd53c2ab63e40256250aaed2a911fd40f",
            "content_sha256": "d0d1f82a9c5fd74b4ecf57645ee84a96cbf243dbbc643678e9db71ad9fbf3279",
            "content_sha512": "4d9ce8e73bda04112b349012b61e2fde6c9ea66faf900fe7e5199528bb0953761028fe0239445c43d24d07061a5387f4c47c9701c5d84f91e76b26617d0d7924",
            "directory_permission": "0777",
            "file_permission": "0777",
            "filename": "./plaques/sud.txt",
            "id": "592d62fbd53c2ab63e40256250aaed2a911fd40f",
            "sensitive_content": null,
            "source": null
          },
          "sensitive_attributes": [
            [
              {
                "type": "get_attr",
                "value": "sensitive_content"
              }
            ]
          ],
          "identity_schema_version": 0,
          "dependencies": [
            "random_pet.jeton_sud"
          ]
        }
      ]
    },
    {
      "mode": "managed",
      "type": "random_pet",
      "name": "jeton_nord",
      "provider": "provider[\"registry.terraform.io/hashicorp/random\"]",
      "instances": [
        {
          "schema_version": 0,
          "attributes": {
            "id": "becoming-gull",
            "keepers": null,
            "length": 2,
            "prefix": null,
            "separator": "-"
          },
          "sensitive_attributes": [],
          "identity_schema_version": 0
        }
      ]
    },
    {
      "mode": "managed",
      "type": "random_pet",
      "name": "jeton_sud",
      "provider": "provider[\"registry.terraform.io/hashicorp/random\"]",
      "instances": [
        {
          "schema_version": 0,
          "attributes": {
            "id": "stirring-porpoise",
            "keepers": null,
            "length": 2,
            "prefix": null,
            "separator": "-"
          },
          "sensitive_attributes": [],
          "identity_schema_version": 0
        }
      ]
    }
  ],
  "check_results": null
}
