{
  "version": 4,
  "terraform_version": "1.15.4",
  "serial": 3,
  "lineage": "2cc6b3e2-6006-88ac-dc22-3f05b8529af1",
  "outputs": {
    "fichier_produit": {
      "value": "./sorties/app-bac-a-sable-0.conf",
      "type": "string"
    },
    "replicas": {
      "value": 1,
      "type": "number"
    },
    "workspace_actif": {
      "value": "bac-a-sable",
      "type": "string"
    }
  },
  "resources": [
    {
      "mode": "managed",
      "type": "local_file",
      "name": "app",
      "provider": "provider[\"registry.terraform.io/hashicorp/local\"]",
      "instances": [
        {
          "index_key": 0,
          "schema_version": 0,
          "attributes": {
            "content": "environnement bac-a-sable instance 0\n",
            "content_base64": null,
            "content_base64sha256": "I4JDTi64ZQBmNIdxiITQ9rslA8jwITawF8fpIcb188M=",
            "content_base64sha512": "5qWw5SAZnT/1OuYni2VqCLDjYloy84TVWPgXwflJy3FnbDjgqLzAmFRTn8qHKuhVX94DClJjJG8nFngeHq6S3A==",
            "content_md5": "59bd05dbb8a2de8130f5c06bde80c627",
            "content_sha1": "661aa951f4092d70224035080142d5de6a34f6b5",
            "content_sha256": "2382434e2eb86500663487718884d0f6bb2503c8f02136b017c7e921c6f5f3c3",
            "content_sha512": "e6a5b0e520199d3ff53ae6278b656a08b0e3625a32f384d558f817c1f949cb71676c38e0a8bcc09854539fca872ae8555fde030a5263246f2716781e1eae92dc",
            "directory_permission": "0777",
            "file_permission": "0777",
            "filename": "./sorties/app-bac-a-sable-0.conf",
            "id": "661aa951f4092d70224035080142d5de6a34f6b5",
            "sensitive_content": null,
            "source": null
          },
          "sensitive_attributes": [
            [
              {
                "type": "get_attr",
                "value": "sensitive_content"
              }
            ]
          ],
          "identity_schema_version": 0
        }
      ]
    },
    {
      "mode": "managed",
      "type": "random_pet",
      "name": "temoin",
      "provider": "provider[\"registry.terraform.io/hashicorp/random\"]",
      "instances": [
        {
          "schema_version": 0,
          "attributes": {
            "id": "blessed-grackle",
            "keepers": {
              "workspace": "bac-a-sable"
            },
            "length": 2,
            "prefix": null,
            "separator": "-"
          },
          "sensitive_attributes": [],
          "identity_schema_version": 0
        }
      ]
    }
  ],
  "check_results": null
}
